
Microsoft Visual Studio Solution File, Format Version 12.00
# Visual Studio Version 17
VisualStudioVersion = 17.11.35208.52
MinimumVisualStudioVersion = 10.0.40219.1
Project("{FAE04EC0-301F-11D3-BF4B-00C04F79EFBC}") = "FinanceTracker", "FinanceTracker.csproj", "{BA4C941E-EA17-469A-B627-ABD03FD9D91F}"
EndProject
Global
	GlobalSection(SolutionConfigurationPlatforms) = preSolution
		Debug|Any CPU = Debug|Any CPU
		Release|Any CPU = Release|Any CPU
	EndGlobalSection
	GlobalSection(ProjectConfigurationPlatforms) = postSolution
		{BA4C941E-EA17-469A-B627-ABD03FD9D91F}.Debug|Any CPU.ActiveCfg = Debug|Any CPU
		{BA4C941E-EA17-469A-B627-ABD03FD9D91F}.Debug|Any CPU.Build.0 = Debug|Any CPU
		{BA4C941E-EA17-469A-B627-ABD03FD9D91F}.Release|Any CPU.ActiveCfg = Release|Any CPU
		{BA4C941E-EA17-469A-B627-ABD03FD9D91F}.Release|Any CPU.Build.0 = Release|Any CPU
	EndGlobalSection
	GlobalSection(SolutionProperties) = preSolution
		HideSolutionNode = FALSE
	EndGlobalSection
	GlobalSection(ExtensibilityGlobals) = postSolution
		SolutionGuid = {6504D430-F6A5-4373-BA75-EE13972719FC}
	EndGlobalSection
EndGlobal
